
Microsoft Visual Studio Solution File, Format Version 12.00
# Visual Studio Version 17
VisualStudioVersion = 17.3.32929.385
MinimumVisualStudioVersion = 10.0.40219.1
Project("{FAE04EC0-301F-11D3-BF4B-00C04F79EFBC}") = "Estructura", "Estructura\Estructura.csproj", "{07BF98AC-7D78-40CA-96C0-7E9D7E011804}"
EndProject
Global
	GlobalSection(SolutionConfigurationPlatforms) = preSolution
		Debug|Any CPU = Debug|Any CPU
		Release|Any CPU = Release|Any CPU
	EndGlobalSection
	GlobalSection(ProjectConfigurationPlatforms) = postSolution
		{07BF98AC-7D78-40CA-96C0-7E9D7E011804}.Debug|Any CPU.ActiveCfg = Debug|Any CPU
		{07BF98AC-7D78-40CA-96C0-7E9D7E011804}.Debug|Any CPU.Build.0 = Debug|Any CPU
		{07BF98AC-7D78-40CA-96C0-7E9D7E011804}.Release|Any CPU.ActiveCfg = Release|Any CPU
		{07BF98AC-7D78-40CA-96C0-7E9D7E011804}.Release|Any CPU.Build.0 = Release|Any CPU
	EndGlobalSection
	GlobalSection(SolutionProperties) = preSolution
		HideSolutionNode = FALSE
	EndGlobalSection
	GlobalSection(ExtensibilityGlobals) = postSolution
		SolutionGuid = {A0B72CC0-B50B-4347-B79A-1191D727E6A5}
	EndGlobalSection
EndGlobal
